
Microsoft Visual Studio Solution File, Format Version 12.00
# Visual Studio Version 17
VisualStudioVersion = 17.2.32516.85
MinimumVisualStudioVersion = 10.0.40219.1
Project("{9A19103F-16F7-4668-BE54-9A1E7A4F7556}") = "CommonInterfaces", "CommonInterfaces\CommonInterfaces.csproj", "{FD04F276-49B8-475A-AEE4-0DD9CB288AAD}"
EndProject
Project("{9A19103F-16F7-4668-BE54-9A1E7A4F7556}") = "CommonServices", "CommonServices\CommonServices.csproj", "{9198FDDE-8C30-4EDF-9955-8F280BB4E42B}"
EndProject
Project("{9A19103F-16F7-4668-BE54-9A1E7A4F7556}") = "InventoryManagementDAL", "InventoryManagementDAL\InventoryManagementDAL.csproj", "{92A92F68-E5E1-4D74-8329-08B9EA92AC53}"
EndProject
Project("{9A19103F-16F7-4668-BE54-9A1E7A4F7556}") = "InventoryManagementWApi", "InventoryManagementWApi\InventoryManagementWApi.csproj", "{EE3C11C2-787C-4F51-8E5B-69ACEF564C60}"
EndProject
Project("{FAE04EC0-301F-11D3-BF4B-00C04F79EFBC}") = "InventoryManagementApiTests", "InventoryManagementApiTests\InventoryManagementApiTests.csproj", "{2DF2487B-DD79-49A4-8A91-6D2E68D21605}"
EndProject
Global
	GlobalSection(SolutionConfigurationPlatforms) = preSolution
		Debug|Any CPU = Debug|Any CPU
		Release|Any CPU = Release|Any CPU
	EndGlobalSection
	GlobalSection(ProjectConfigurationPlatforms) = postSolution
		{FD04F276-49B8-475A-AEE4-0DD9CB288AAD}.Debug|Any CPU.ActiveCfg = Debug|Any CPU
		{FD04F276-49B8-475A-AEE4-0DD9CB288AAD}.Debug|Any CPU.Build.0 = Debug|Any CPU
		{FD04F276-49B8-475A-AEE4-0DD9CB288AAD}.Release|Any CPU.ActiveCfg = Release|Any CPU
		{FD04F276-49B8-475A-AEE4-0DD9CB288AAD}.Release|Any CPU.Build.0 = Release|Any CPU
		{9198FDDE-8C30-4EDF-9955-8F280BB4E42B}.Debug|Any CPU.ActiveCfg = Debug|Any CPU
		{9198FDDE-8C30-4EDF-9955-8F280BB4E42B}.Debug|Any CPU.Build.0 = Debug|Any CPU
		{9198FDDE-8C30-4EDF-9955-8F280BB4E42B}.Release|Any CPU.ActiveCfg = Release|Any CPU
		{9198FDDE-8C30-4EDF-9955-8F280BB4E42B}.Release|Any CPU.Build.0 = Release|Any CPU
		{92A92F68-E5E1-4D74-8329-08B9EA92AC53}.Debug|Any CPU.ActiveCfg = Debug|Any CPU
		{92A92F68-E5E1-4D74-8329-08B9EA92AC53}.Debug|Any CPU.Build.0 = Debug|Any CPU
		{92A92F68-E5E1-4D74-8329-08B9EA92AC53}.Release|Any CPU.ActiveCfg = Release|Any CPU
		{92A92F68-E5E1-4D74-8329-08B9EA92AC53}.Release|Any CPU.Build.0 = Release|Any CPU
		{EE3C11C2-787C-4F51-8E5B-69ACEF564C60}.Debug|Any CPU.ActiveCfg = Debug|Any CPU
		{EE3C11C2-787C-4F51-8E5B-69ACEF564C60}.Debug|Any CPU.Build.0 = Debug|Any CPU
		{EE3C11C2-787C-4F51-8E5B-69ACEF564C60}.Release|Any CPU.ActiveCfg = Release|Any CPU
		{EE3C11C2-787C-4F51-8E5B-69ACEF564C60}.Release|Any CPU.Build.0 = Release|Any CPU
		{2DF2487B-DD79-49A4-8A91-6D2E68D21605}.Debug|Any CPU.ActiveCfg = Debug|Any CPU
		{2DF2487B-DD79-49A4-8A91-6D2E68D21605}.Debug|Any CPU.Build.0 = Debug|Any CPU
		{2DF2487B-DD79-49A4-8A91-6D2E68D21605}.Release|Any CPU.ActiveCfg = Release|Any CPU
		{2DF2487B-DD79-49A4-8A91-6D2E68D21605}.Release|Any CPU.Build.0 = Release|Any CPU
	EndGlobalSection
	GlobalSection(SolutionProperties) = preSolution
		HideSolutionNode = FALSE
	EndGlobalSection
	GlobalSection(ExtensibilityGlobals) = postSolution
		SolutionGuid = {A3BF2BE2-14BB-478B-99CC-69B34FD417A7}
	EndGlobalSection
EndGlobal
